{
  "requires": true,
  "lockfileVersion": 1,
  "dependencies": {
    "dayjs": {
      "version": "1.11.0"
    },
    "react-native-svg-uri-updated": {
      "version": "1.0.11",
      "resolved": "https://registry.npmjs.org/react-native-svg-uri-updated/-/react-native-svg-uri-updated-1.0.11.tgz",
      "integrity": "sha512-Fa0nMLket4WTAOt0M7eiRlw6I38LIaBbwPY+C6YWwyEeUxQCpf1ogNqq8m1aTHQu4/s+0NfR40FdjuUdKR6mnQ==",
      "requires": {
        "xmldom-reborn": "^1.0.1"
      }
    },
    "xmldom-reborn": {
      "version": "1.0.5",
      "resolved": "https://registry.npmjs.org/xmldom-reborn/-/xmldom-reborn-1.0.5.tgz",
      "integrity": "sha512-jaLGNceb9ELo7lkQwBGUg9HqVgidqUMcG3d4gFHq+uKZSCnWH2zo+vdMzJoQtzNKzgX7yD+Ibp4mKEy1oZiBNg=="
    }
  }
}
