# THIS IS AN AUTOGENERATED FILE. DO NOT EDIT THIS FILE DIRECTLY.
# yarn lockfile v1


dayjs@^1.11.0:
  version "1.11.0"
  resolved "https://registry.yarnpkg.com/dayjs/-/dayjs-1.11.0.tgz#009bf7ef2e2ea2d5db2e6583d2d39a4b5061e805"
  integrity sha512-JLC809s6Y948/FuCZPm5IX8rRhQwOiyMb2TfVVQEixG7P8Lm/gt5S7yoQZmC8x1UehI9Pb7sksEt4xx14m+7Ug==

react-native-svg-uri-updated@^1.0.11:
  version "1.0.11"
  resolved "https://registry.yarnpkg.com/react-native-svg-uri-updated/-/react-native-svg-uri-updated-1.0.11.tgz#796822bc5447ac9f89b92eb026f9b92c604b7ece"
  integrity sha512-Fa0nMLket4WTAOt0M7eiRlw6I38LIaBbwPY+C6YWwyEeUxQCpf1ogNqq8m1aTHQu4/s+0NfR40FdjuUdKR6mnQ==
  dependencies:
    xmldom-reborn "^1.0.1"

xmldom-reborn@^1.0.1:
  version "1.0.5"
  resolved "https://registry.yarnpkg.com/xmldom-reborn/-/xmldom-reborn-1.0.5.tgz#87dfff687f6c6c0640e81c62a025ff8d11212195"
  integrity sha512-jaLGNceb9ELo7lkQwBGUg9HqVgidqUMcG3d4gFHq+uKZSCnWH2zo+vdMzJoQtzNKzgX7yD+Ibp4mKEy1oZiBNg==
